{
  "name": "ferret",
  "version": "1.1.0",
  "lockfileVersion": 2,
  "requires": true,
  "packages": {
    "": {
      "name": "ferret",
      "version": "1.1.0",
      "license": "MIT",
      "devDependencies": {
        "bulma": "^0.9.3"
      }
    },
    "node_modules/bulma": {
      "version": "0.9.4",
      "resolved": "https://caribbeanos-231205794322.d.codeartifact.us-east-1.amazonaws.com:443/npm/masos-combined/bulma/-/bulma-0.9.4.tgz",
      "integrity": "sha512-86FlT5+1GrsgKbPLRRY7cGDg8fsJiP/jzTqXXVqiUZZ2aZT8uemEOHlU1CDU+TxklPEZ11HZNNWclRBBecP4CQ==",
      "dev": true
    }
  },
  "dependencies": {
    "bulma": {
      "version": "0.9.4",
      "resolved": "https://caribbeanos-231205794322.d.codeartifact.us-east-1.amazonaws.com:443/npm/masos-combined/bulma/-/bulma-0.9.4.tgz",
      "integrity": "sha512-86FlT5+1GrsgKbPLRRY7cGDg8fsJiP/jzTqXXVqiUZZ2aZT8uemEOHlU1CDU+TxklPEZ11HZNNWclRBBecP4CQ==",
      "dev": true
    }
  }
}
